
Microsoft Visual Studio Solution File, Format Version 12.00
# Visual Studio 2012
Project("{FAE04EC0-301F-11D3-BF4B-00C04F79EFBC}") = "LargeTextFile-Xamarin", "LargeTextFile-Xamarin\LargeTextFile-Xamarin.csproj", "{71DD680E-49FA-463E-AB75-1238902A04A4}"
EndProject
Global
	GlobalSection(SolutionConfigurationPlatforms) = preSolution
		Debug|iPhoneSimulator = Debug|iPhoneSimulator
		Release|iPhone = Release|iPhone
		Release|iPhoneSimulator = Release|iPhoneSimulator
		Debug|iPhone = Debug|iPhone
		Debug|Any CPU = Debug|Any CPU
		Release|Any CPU = Release|Any CPU
	EndGlobalSection
	GlobalSection(ProjectConfigurationPlatforms) = postSolution
		{71DD680E-49FA-463E-AB75-1238902A04A4}.Debug|Any CPU.ActiveCfg = Debug|iPhoneSimulator
		{71DD680E-49FA-463E-AB75-1238902A04A4}.Debug|Any CPU.Build.0 = Debug|iPhoneSimulator
		{71DD680E-49FA-463E-AB75-1238902A04A4}.Debug|iPhone.ActiveCfg = Debug|iPhone
		{71DD680E-49FA-463E-AB75-1238902A04A4}.Debug|iPhone.Build.0 = Debug|iPhone
		{71DD680E-49FA-463E-AB75-1238902A04A4}.Debug|iPhoneSimulator.ActiveCfg = Debug|iPhoneSimulator
		{71DD680E-49FA-463E-AB75-1238902A04A4}.Debug|iPhoneSimulator.Build.0 = Debug|iPhoneSimulator
		{71DD680E-49FA-463E-AB75-1238902A04A4}.Release|Any CPU.ActiveCfg = Release|iPhone
		{71DD680E-49FA-463E-AB75-1238902A04A4}.Release|Any CPU.Build.0 = Release|iPhone
		{71DD680E-49FA-463E-AB75-1238902A04A4}.Release|iPhone.ActiveCfg = Release|iPhone
		{71DD680E-49FA-463E-AB75-1238902A04A4}.Release|iPhone.Build.0 = Release|iPhone
		{71DD680E-49FA-463E-AB75-1238902A04A4}.Release|iPhoneSimulator.ActiveCfg = Release|iPhoneSimulator
		{71DD680E-49FA-463E-AB75-1238902A04A4}.Release|iPhoneSimulator.Build.0 = Release|iPhoneSimulator
	EndGlobalSection
EndGlobal
